
Microsoft Visual Studio Solution File, Format Version 12.00
# Visual Studio Version 17
VisualStudioVersion = 17.8.34330.188
MinimumVisualStudioVersion = 10.0.40219.1
Project("{FAE04EC0-301F-11D3-BF4B-00C04F79EFBC}") = "CatalogService", "CatalogService\CatalogService.csproj", "{CFBE5AF2-FEE7-47C0-85C6-360ABF78B3B1}"
EndProject
Project("{2150E333-8FDC-42A3-9474-1A3956D46DE8}") = "BackendServices", "BackendServices", "{F741CE2F-495F-460A-AC3A-3B636450244C}"
EndProject
Project("{FAE04EC0-301F-11D3-BF4B-00C04F79EFBC}") = "AuthService", "AuthService\AuthService.csproj", "{FA6EF086-CC17-4B74-ABF0-65E1A6AB47BA}"
EndProject
Project("{2150E333-8FDC-42A3-9474-1A3956D46DE8}") = "ApiGateway", "ApiGateway", "{7E299825-2CC9-41D7-A99E-D600091BF418}"
EndProject
Project("{FAE04EC0-301F-11D3-BF4B-00C04F79EFBC}") = "ApiGatewayOcelot", "ApiGatewayOcelot\ApiGatewayOcelot.csproj", "{E0DA0C78-2A92-4DC8-8017-7BD88047C589}"
EndProject
Project("{2150E333-8FDC-42A3-9474-1A3956D46DE8}") = "FrontendServices", "FrontendServices", "{F5792DF8-873A-47D2-ADAC-D7233986C8D9}"
EndProject
Project("{FAE04EC0-301F-11D3-BF4B-00C04F79EFBC}") = "OrderService", "OrderService\OrderService.csproj", "{B7F9B5C0-0AC3-4DF5-AA19-9C26201787C4}"
EndProject
Project("{FAE04EC0-301F-11D3-BF4B-00C04F79EFBC}") = "PaymentService", "PaymentService\PaymentService.csproj", "{E992B794-2860-49C1-BA35-8ACACEF0DE42}"
EndProject
Project("{FAE04EC0-301F-11D3-BF4B-00C04F79EFBC}") = "WebApp", "WebApp\WebApp.csproj", "{851453D7-B911-4744-AD27-E47F9BBE9546}"
EndProject
Project("{FAE04EC0-301F-11D3-BF4B-00C04F79EFBC}") = "SupportApp", "SupportApp\SupportApp.csproj", "{11167D61-7D96-4D07-BF74-77BB0B7F8789}"
EndProject
Global
	GlobalSection(SolutionConfigurationPlatforms) = preSolution
		Debug|Any CPU = Debug|Any CPU
		Release|Any CPU = Release|Any CPU
	EndGlobalSection
	GlobalSection(ProjectConfigurationPlatforms) = postSolution
		{CFBE5AF2-FEE7-47C0-85C6-360ABF78B3B1}.Debug|Any CPU.ActiveCfg = Debug|Any CPU
		{CFBE5AF2-FEE7-47C0-85C6-360ABF78B3B1}.Debug|Any CPU.Build.0 = Debug|Any CPU
		{CFBE5AF2-FEE7-47C0-85C6-360ABF78B3B1}.Release|Any CPU.ActiveCfg = Release|Any CPU
		{CFBE5AF2-FEE7-47C0-85C6-360ABF78B3B1}.Release|Any CPU.Build.0 = Release|Any CPU
		{FA6EF086-CC17-4B74-ABF0-65E1A6AB47BA}.Debug|Any CPU.ActiveCfg = Debug|Any CPU
		{FA6EF086-CC17-4B74-ABF0-65E1A6AB47BA}.Debug|Any CPU.Build.0 = Debug|Any CPU
		{FA6EF086-CC17-4B74-ABF0-65E1A6AB47BA}.Release|Any CPU.ActiveCfg = Release|Any CPU
		{FA6EF086-CC17-4B74-ABF0-65E1A6AB47BA}.Release|Any CPU.Build.0 = Release|Any CPU
		{E0DA0C78-2A92-4DC8-8017-7BD88047C589}.Debug|Any CPU.ActiveCfg = Debug|Any CPU
		{E0DA0C78-2A92-4DC8-8017-7BD88047C589}.Debug|Any CPU.Build.0 = Debug|Any CPU
		{E0DA0C78-2A92-4DC8-8017-7BD88047C589}.Release|Any CPU.ActiveCfg = Release|Any CPU
		{E0DA0C78-2A92-4DC8-8017-7BD88047C589}.Release|Any CPU.Build.0 = Release|Any CPU
		{B7F9B5C0-0AC3-4DF5-AA19-9C26201787C4}.Debug|Any CPU.ActiveCfg = Debug|Any CPU
		{B7F9B5C0-0AC3-4DF5-AA19-9C26201787C4}.Debug|Any CPU.Build.0 = Debug|Any CPU
		{B7F9B5C0-0AC3-4DF5-AA19-9C26201787C4}.Release|Any CPU.ActiveCfg = Release|Any CPU
		{B7F9B5C0-0AC3-4DF5-AA19-9C26201787C4}.Release|Any CPU.Build.0 = Release|Any CPU
		{E992B794-2860-49C1-BA35-8ACACEF0DE42}.Debug|Any CPU.ActiveCfg = Debug|Any CPU
		{E992B794-2860-49C1-BA35-8ACACEF0DE42}.Debug|Any CPU.Build.0 = Debug|Any CPU
		{E992B794-2860-49C1-BA35-8ACACEF0DE42}.Release|Any CPU.ActiveCfg = Release|Any CPU
		{E992B794-2860-49C1-BA35-8ACACEF0DE42}.Release|Any CPU.Build.0 = Release|Any CPU
		{851453D7-B911-4744-AD27-E47F9BBE9546}.Debug|Any CPU.ActiveCfg = Debug|Any CPU
		{851453D7-B911-4744-AD27-E47F9BBE9546}.Debug|Any CPU.Build.0 = Debug|Any CPU
		{851453D7-B911-4744-AD27-E47F9BBE9546}.Release|Any CPU.ActiveCfg = Release|Any CPU
		{851453D7-B911-4744-AD27-E47F9BBE9546}.Release|Any CPU.Build.0 = Release|Any CPU
		{11167D61-7D96-4D07-BF74-77BB0B7F8789}.Debug|Any CPU.ActiveCfg = Debug|Any CPU
		{11167D61-7D96-4D07-BF74-77BB0B7F8789}.Debug|Any CPU.Build.0 = Debug|Any CPU
		{11167D61-7D96-4D07-BF74-77BB0B7F8789}.Release|Any CPU.ActiveCfg = Release|Any CPU
		{11167D61-7D96-4D07-BF74-77BB0B7F8789}.Release|Any CPU.Build.0 = Release|Any CPU
	EndGlobalSection
	GlobalSection(SolutionProperties) = preSolution
		HideSolutionNode = FALSE
	EndGlobalSection
	GlobalSection(NestedProjects) = preSolution
		{CFBE5AF2-FEE7-47C0-85C6-360ABF78B3B1} = {F741CE2F-495F-460A-AC3A-3B636450244C}
		{FA6EF086-CC17-4B74-ABF0-65E1A6AB47BA} = {F741CE2F-495F-460A-AC3A-3B636450244C}
		{E0DA0C78-2A92-4DC8-8017-7BD88047C589} = {7E299825-2CC9-41D7-A99E-D600091BF418}
		{B7F9B5C0-0AC3-4DF5-AA19-9C26201787C4} = {F741CE2F-495F-460A-AC3A-3B636450244C}
		{E992B794-2860-49C1-BA35-8ACACEF0DE42} = {F741CE2F-495F-460A-AC3A-3B636450244C}
		{851453D7-B911-4744-AD27-E47F9BBE9546} = {F5792DF8-873A-47D2-ADAC-D7233986C8D9}
		{11167D61-7D96-4D07-BF74-77BB0B7F8789} = {F5792DF8-873A-47D2-ADAC-D7233986C8D9}
	EndGlobalSection
	GlobalSection(ExtensibilityGlobals) = postSolution
		SolutionGuid = {CDD64522-5380-4574-ABC9-F4600255FA85}
	EndGlobalSection
EndGlobal
