
Microsoft Visual Studio Solution File, Format Version 12.00
# Visual Studio Version 17
VisualStudioVersion = 17.2.32516.85
MinimumVisualStudioVersion = 10.0.40219.1
Project("{9A19103F-16F7-4668-BE54-9A1E7A4F7556}") = "CatalogService", "CatalogService\CatalogService.csproj", "{05668564-001C-421A-B15A-19B930D7AB57}"
EndProject
Project("{9A19103F-16F7-4668-BE54-9A1E7A4F7556}") = "APIGateway", "APIGateway\APIGateway.csproj", "{0DC65183-A967-4F4A-B8AE-F5BB2BC0722B}"
EndProject
Project("{9A19103F-16F7-4668-BE54-9A1E7A4F7556}") = "AuthService", "AuthService\AuthService.csproj", "{C23E928E-F6F0-4592-8124-A6E78C2A37B3}"
EndProject
Project("{9A19103F-16F7-4668-BE54-9A1E7A4F7556}") = "ShoppingUI", "ShoppingUI\ShoppingUI.csproj", "{F9552170-1B5D-4885-8F80-CAB95E45DE97}"
EndProject
Project("{FAE04EC0-301F-11D3-BF4B-00C04F79EFBC}") = "SupportPortal", "SupportPortal\SupportPortal.csproj", "{B8B32B10-EABD-485D-9B63-B552D4262E84}"
EndProject
Project("{2150E333-8FDC-42A3-9474-1A3956D46DE8}") = "Frontend", "Frontend", "{F1E14348-C640-4C6C-810C-E4AB34C0CC48}"
EndProject
Project("{2150E333-8FDC-42A3-9474-1A3956D46DE8}") = "Backend", "Backend", "{9A8BE26F-905C-4478-BA8F-19E9EDCCFD58}"
EndProject
Project("{FAE04EC0-301F-11D3-BF4B-00C04F79EFBC}") = "UIModels", "UIModels\UIModels.csproj", "{75BBEFD8-6DFA-49A0-8006-A5D0965A292A}"
EndProject
Global
	GlobalSection(SolutionConfigurationPlatforms) = preSolution
		Debug|Any CPU = Debug|Any CPU
		Release|Any CPU = Release|Any CPU
	EndGlobalSection
	GlobalSection(ProjectConfigurationPlatforms) = postSolution
		{05668564-001C-421A-B15A-19B930D7AB57}.Debug|Any CPU.ActiveCfg = Debug|Any CPU
		{05668564-001C-421A-B15A-19B930D7AB57}.Debug|Any CPU.Build.0 = Debug|Any CPU
		{05668564-001C-421A-B15A-19B930D7AB57}.Release|Any CPU.ActiveCfg = Release|Any CPU
		{05668564-001C-421A-B15A-19B930D7AB57}.Release|Any CPU.Build.0 = Release|Any CPU
		{0DC65183-A967-4F4A-B8AE-F5BB2BC0722B}.Debug|Any CPU.ActiveCfg = Debug|Any CPU
		{0DC65183-A967-4F4A-B8AE-F5BB2BC0722B}.Debug|Any CPU.Build.0 = Debug|Any CPU
		{0DC65183-A967-4F4A-B8AE-F5BB2BC0722B}.Release|Any CPU.ActiveCfg = Release|Any CPU
		{0DC65183-A967-4F4A-B8AE-F5BB2BC0722B}.Release|Any CPU.Build.0 = Release|Any CPU
		{C23E928E-F6F0-4592-8124-A6E78C2A37B3}.Debug|Any CPU.ActiveCfg = Debug|Any CPU
		{C23E928E-F6F0-4592-8124-A6E78C2A37B3}.Debug|Any CPU.Build.0 = Debug|Any CPU
		{C23E928E-F6F0-4592-8124-A6E78C2A37B3}.Release|Any CPU.ActiveCfg = Release|Any CPU
		{C23E928E-F6F0-4592-8124-A6E78C2A37B3}.Release|Any CPU.Build.0 = Release|Any CPU
		{F9552170-1B5D-4885-8F80-CAB95E45DE97}.Debug|Any CPU.ActiveCfg = Debug|Any CPU
		{F9552170-1B5D-4885-8F80-CAB95E45DE97}.Debug|Any CPU.Build.0 = Debug|Any CPU
		{F9552170-1B5D-4885-8F80-CAB95E45DE97}.Release|Any CPU.ActiveCfg = Release|Any CPU
		{F9552170-1B5D-4885-8F80-CAB95E45DE97}.Release|Any CPU.Build.0 = Release|Any CPU
		{B8B32B10-EABD-485D-9B63-B552D4262E84}.Debug|Any CPU.ActiveCfg = Debug|Any CPU
		{B8B32B10-EABD-485D-9B63-B552D4262E84}.Debug|Any CPU.Build.0 = Debug|Any CPU
		{B8B32B10-EABD-485D-9B63-B552D4262E84}.Release|Any CPU.ActiveCfg = Release|Any CPU
		{B8B32B10-EABD-485D-9B63-B552D4262E84}.Release|Any CPU.Build.0 = Release|Any CPU
		{75BBEFD8-6DFA-49A0-8006-A5D0965A292A}.Debug|Any CPU.ActiveCfg = Debug|Any CPU
		{75BBEFD8-6DFA-49A0-8006-A5D0965A292A}.Debug|Any CPU.Build.0 = Debug|Any CPU
		{75BBEFD8-6DFA-49A0-8006-A5D0965A292A}.Release|Any CPU.ActiveCfg = Release|Any CPU
		{75BBEFD8-6DFA-49A0-8006-A5D0965A292A}.Release|Any CPU.Build.0 = Release|Any CPU
	EndGlobalSection
	GlobalSection(SolutionProperties) = preSolution
		HideSolutionNode = FALSE
	EndGlobalSection
	GlobalSection(NestedProjects) = preSolution
		{05668564-001C-421A-B15A-19B930D7AB57} = {9A8BE26F-905C-4478-BA8F-19E9EDCCFD58}
		{0DC65183-A967-4F4A-B8AE-F5BB2BC0722B} = {9A8BE26F-905C-4478-BA8F-19E9EDCCFD58}
		{C23E928E-F6F0-4592-8124-A6E78C2A37B3} = {9A8BE26F-905C-4478-BA8F-19E9EDCCFD58}
		{F9552170-1B5D-4885-8F80-CAB95E45DE97} = {F1E14348-C640-4C6C-810C-E4AB34C0CC48}
		{B8B32B10-EABD-485D-9B63-B552D4262E84} = {F1E14348-C640-4C6C-810C-E4AB34C0CC48}
		{75BBEFD8-6DFA-49A0-8006-A5D0965A292A} = {F1E14348-C640-4C6C-810C-E4AB34C0CC48}
	EndGlobalSection
	GlobalSection(ExtensibilityGlobals) = postSolution
		SolutionGuid = {49823A51-A089-4170-9367-06A5B6310ABD}
	EndGlobalSection
EndGlobal
